
Microsoft Visual Studio Solution File, Format Version 12.00
# Visual Studio Version 16
VisualStudioVersion = 16.0.30711.63
MinimumVisualStudioVersion = 10.0.40219.1
Project("{9A19103F-16F7-4668-BE54-9A1E7A4F7556}") = "Benriya.App", "Benriya.App\Benriya.App.csproj", "{41317981-DB05-49F4-B1D5-3712C5D7DF8B}"
EndProject
Project("{2150E333-8FDC-42A3-9474-1A3956D46DE8}") = "Common", "Common", "{A7F64C3C-DB9F-4C73-8D9A-FF2025562E1A}"
EndProject
Project("{2150E333-8FDC-42A3-9474-1A3956D46DE8}") = "Data", "Data", "{519BF071-CA95-4E34-9109-CF417E6F253B}"
EndProject
Project("{9A19103F-16F7-4668-BE54-9A1E7A4F7556}") = "Benriya.Utils", "Benriya.Utils\Benriya.Utils.csproj", "{C231D77F-9B14-43D0-A074-B572AF0BDBA6}"
EndProject
Project("{9A19103F-16F7-4668-BE54-9A1E7A4F7556}") = "Benriya.Share", "Benriya.Share\Benriya.Share.csproj", "{E3ECBD9C-1AAF-421E-985D-69FCB60479C0}"
EndProject
Project("{2150E333-8FDC-42A3-9474-1A3956D46DE8}") = "ExtCore", "ExtCore", "{2A5279E7-921E-423A-AC4F-B7A136490CD2}"
EndProject
Project("{9A19103F-16F7-4668-BE54-9A1E7A4F7556}") = "ExtCore.WebApplication", "..\ExtCore\src\ExtCore.WebApplication\ExtCore.WebApplication.csproj", "{AB383D10-6E10-4A1C-A675-B71FC770F419}"
EndProject
Project("{9A19103F-16F7-4668-BE54-9A1E7A4F7556}") = "ExtCore.Data", "..\ExtCore\src\ExtCore.Data\ExtCore.Data.csproj", "{4D970977-BA14-422B-B971-151FDF59220A}"
EndProject
Project("{9A19103F-16F7-4668-BE54-9A1E7A4F7556}") = "ExtCore.Data.Dapper", "..\ExtCore\src\ExtCore.Data.Dapper\ExtCore.Data.Dapper.csproj", "{3F64DE3F-61A1-4654-8C29-449A76DB0B12}"
EndProject
Project("{9A19103F-16F7-4668-BE54-9A1E7A4F7556}") = "ExtCore.Data.Dapper.MySql", "..\ExtCore\src\ExtCore.Data.Dapper.MySql\ExtCore.Data.Dapper.MySql.csproj", "{7634B8A5-7FB7-4132-89EA-C74F61001DD2}"
EndProject
Project("{9A19103F-16F7-4668-BE54-9A1E7A4F7556}") = "ExtCore.Data.Dapper.PostgreSql", "..\ExtCore\src\ExtCore.Data.Dapper.PostgreSql\ExtCore.Data.Dapper.PostgreSql.csproj", "{84FBBF7A-6F17-442B-B4B9-3B4DD74D60D4}"
EndProject
Project("{9A19103F-16F7-4668-BE54-9A1E7A4F7556}") = "ExtCore.Data.Dapper.Sqlite", "..\ExtCore\src\ExtCore.Data.Dapper.Sqlite\ExtCore.Data.Dapper.Sqlite.csproj", "{83F68041-28A0-4CC8-A31C-BCA4A2BF8BDC}"
EndProject
Project("{9A19103F-16F7-4668-BE54-9A1E7A4F7556}") = "ExtCore.Data.Dapper.SqlServer", "..\ExtCore\src\ExtCore.Data.Dapper.SqlServer\ExtCore.Data.Dapper.SqlServer.csproj", "{CAC8B331-C5EC-4440-B7B9-6B951B748D83}"
EndProject
Project("{9A19103F-16F7-4668-BE54-9A1E7A4F7556}") = "ExtCore.Data.Entities.Abstractions", "..\ExtCore\src\ExtCore.Data.Entities.Abstractions\ExtCore.Data.Entities.Abstractions.csproj", "{296CDFE2-A68F-40F6-8DC7-D4C0C21EA2F3}"
EndProject
Project("{9A19103F-16F7-4668-BE54-9A1E7A4F7556}") = "ExtCore.Data.EntityFramework", "..\ExtCore\src\ExtCore.Data.EntityFramework\ExtCore.Data.EntityFramework.csproj", "{65272010-D7AD-43DA-AFA9-4B526D32F492}"
EndProject
Project("{9A19103F-16F7-4668-BE54-9A1E7A4F7556}") = "ExtCore.Data.EntityFramework.MySql", "..\ExtCore\src\ExtCore.Data.EntityFramework.MySql\ExtCore.Data.EntityFramework.MySql.csproj", "{869030E7-C2BC-4010-9CFA-99C4F2DAD8A3}"
EndProject
Project("{9A19103F-16F7-4668-BE54-9A1E7A4F7556}") = "ExtCore.Data.EntityFramework.PostgreSql", "..\ExtCore\src\ExtCore.Data.EntityFramework.PostgreSql\ExtCore.Data.EntityFramework.PostgreSql.csproj", "{67921435-43DB-4D5F-95BA-6802C2DC0B55}"
EndProject
Project("{9A19103F-16F7-4668-BE54-9A1E7A4F7556}") = "ExtCore.Data.EntityFramework.Sqlite", "..\ExtCore\src\ExtCore.Data.EntityFramework.Sqlite\ExtCore.Data.EntityFramework.Sqlite.csproj", "{C0FBFF21-65E1-4C77-97D5-CA8A0B6895C4}"
EndProject
Project("{9A19103F-16F7-4668-BE54-9A1E7A4F7556}") = "ExtCore.Data.EntityFramework.SqlServer", "..\ExtCore\src\ExtCore.Data.EntityFramework.SqlServer\ExtCore.Data.EntityFramework.SqlServer.csproj", "{AB95FB9B-6B90-4E50-AD12-76249B021290}"
EndProject
Project("{9A19103F-16F7-4668-BE54-9A1E7A4F7556}") = "ExtCore.Events", "..\ExtCore\src\ExtCore.Events\ExtCore.Events.csproj", "{B8C8EB99-7574-400B-A728-83480BA1AA1D}"
EndProject
Project("{9A19103F-16F7-4668-BE54-9A1E7A4F7556}") = "ExtCore.FileStorage", "..\ExtCore\src\ExtCore.FileStorage\ExtCore.FileStorage.csproj", "{DC7E5110-244C-4FF6-B709-2E559E36B8BE}"
EndProject
Project("{9A19103F-16F7-4668-BE54-9A1E7A4F7556}") = "ExtCore.FileStorage.Abstractions", "..\ExtCore\src\ExtCore.FileStorage.Abstractions\ExtCore.FileStorage.Abstractions.csproj", "{38D399C6-ADBE-4B6A-9199-5E79EA208497}"
EndProject
Project("{9A19103F-16F7-4668-BE54-9A1E7A4F7556}") = "ExtCore.FileStorage.Dropbox", "..\ExtCore\src\ExtCore.FileStorage.Dropbox\ExtCore.FileStorage.Dropbox.csproj", "{D46552B8-33E2-4A26-BF01-22AF5860BFE7}"
EndProject
Project("{9A19103F-16F7-4668-BE54-9A1E7A4F7556}") = "ExtCore.FileStorage.FileSystem", "..\ExtCore\src\ExtCore.FileStorage.FileSystem\ExtCore.FileStorage.FileSystem.csproj", "{757EEF9C-1B70-496E-9C14-2046BE71D422}"
EndProject
Project("{9A19103F-16F7-4668-BE54-9A1E7A4F7556}") = "ExtCore.Infrastructure", "..\ExtCore\src\ExtCore.Infrastructure\ExtCore.Infrastructure.csproj", "{9BBB0072-4279-4FB7-BFE5-2DE439C480F8}"
EndProject
Project("{9A19103F-16F7-4668-BE54-9A1E7A4F7556}") = "ExtCore.Mvc", "..\ExtCore\src\ExtCore.Mvc\ExtCore.Mvc.csproj", "{71B7070B-3437-4524-B839-2A7FCF3C86AD}"
EndProject
Project("{9A19103F-16F7-4668-BE54-9A1E7A4F7556}") = "ExtCore.Mvc.Infrastructure", "..\ExtCore\src\ExtCore.Mvc.Infrastructure\ExtCore.Mvc.Infrastructure.csproj", "{F4C233AB-F6B4-4DF2-A80E-FFBF8131E436}"
EndProject
Project("{9A19103F-16F7-4668-BE54-9A1E7A4F7556}") = "Benriya.Core", "Benriya.Core\Benriya.Core.csproj", "{F479FB81-BC51-4249-AADD-01B1EFD3B62A}"
EndProject
Project("{9A19103F-16F7-4668-BE54-9A1E7A4F7556}") = "Benriya.Data.Context", "Benriya.Data.Context\Benriya.Data.Context.csproj", "{F2FF1A3F-3A25-4204-84AD-EA55067CB902}"
EndProject
Project("{2150E333-8FDC-42A3-9474-1A3956D46DE8}") = "Modules", "Modules", "{C7760959-6910-4230-BEFA-A99C26ABC2AA}"
EndProject
Project("{2150E333-8FDC-42A3-9474-1A3956D46DE8}") = "CMS", "CMS", "{1437EEF4-3636-4BB6-8154-8C6758BC4A75}"
EndProject
Project("{9A19103F-16F7-4668-BE54-9A1E7A4F7556}") = "Benriya.Modules.CMS.Share", "Modules\CMS\Benriya.Modules.CMS.Share\Benriya.Modules.CMS.Share.csproj", "{49D09127-9835-4FF8-839D-E2DF223C0221}"
EndProject
Project("{9A19103F-16F7-4668-BE54-9A1E7A4F7556}") = "Benriya.Modules.CMS.Entities", "Modules\CMS\Benriya.Modules.CMS.Entities\Benriya.Modules.CMS.Entities.csproj", "{6FD8F0C8-25C6-4A16-997B-E782131C7197}"
EndProject
Project("{9A19103F-16F7-4668-BE54-9A1E7A4F7556}") = "Benriya.Modules.CMS", "Modules\CMS\Benriya.Modules.CMS\Benriya.Modules.CMS.csproj", "{9B489CD5-514B-4BC4-8229-D605C29DAA88}"
EndProject
Project("{2150E333-8FDC-42A3-9474-1A3956D46DE8}") = "Solution Items", "Solution Items", "{8030F195-C47B-4CB7-859A-F0E1172C92B8}"
	ProjectSection(SolutionItems) = preProject
		.editorconfig = .editorconfig
	EndProjectSection
EndProject
Project("{9A19103F-16F7-4668-BE54-9A1E7A4F7556}") = "Benriya.Modules.Default", "Modules\Benriya.Modules.Default\Benriya.Modules.Default.csproj", "{C5439663-A936-43A1-BB44-B1A12E66C408}"
EndProject
Project("{2150E333-8FDC-42A3-9474-1A3956D46DE8}") = "Core", "Core", "{32A34BDE-FD56-4FF7-911B-A4DE08940D86}"
EndProject
Project("{9A19103F-16F7-4668-BE54-9A1E7A4F7556}") = "Benriya.Modules.Core", "Modules\Core\Benriya.Modules.Core\Benriya.Modules.Core.csproj", "{CCF7B368-75E1-4552-A058-1FD7175C4FBE}"
EndProject
Project("{2150E333-8FDC-42A3-9474-1A3956D46DE8}") = "Clients", "Clients", "{6C837A26-BC96-4291-8951-D1509303D56A}"
EndProject
Project("{2150E333-8FDC-42A3-9474-1A3956D46DE8}") = "FileStore", "FileStore", "{4C9AB5AD-32F6-414D-BDBD-CE31E795A03D}"
EndProject
Project("{9A19103F-16F7-4668-BE54-9A1E7A4F7556}") = "Benriya.Modules.FileStore", "Modules\FileStore\Benriya.Modules.FileStore\Benriya.Modules.FileStore.csproj", "{C4AA018F-05E6-49AF-A689-C8D9F7BE421B}"
EndProject
Project("{2150E333-8FDC-42A3-9474-1A3956D46DE8}") = "eCommerce", "eCommerce", "{CCE06516-403F-4CDD-BDE0-6E384BE84075}"
EndProject
Project("{9A19103F-16F7-4668-BE54-9A1E7A4F7556}") = "Benriya.Modules.eCommerce.Share", "Modules\eCommerce\Benriya.Modules.eCommerce.Share\Benriya.Modules.eCommerce.Share.csproj", "{DC2F0C23-385F-424F-AFC0-C284A767CDB6}"
EndProject
Project("{9A19103F-16F7-4668-BE54-9A1E7A4F7556}") = "Benriya.Modules.eCommerce.Entities", "Modules\eCommerce\Benriya.Modules.eCommerce.Entities\Benriya.Modules.eCommerce.Entities.csproj", "{4EB93E5A-1E19-4AA6-B25E-FE7620298D32}"
EndProject
Project("{9A19103F-16F7-4668-BE54-9A1E7A4F7556}") = "Benriya.Modules.eCommerce", "Modules\eCommerce\Benriya.Modules.eCommerce\Benriya.Modules.eCommerce.csproj", "{D0B1C878-8440-4105-8CEE-FE9C4E577ED2}"
EndProject
Project("{2150E333-8FDC-42A3-9474-1A3956D46DE8}") = "Inventory", "Inventory", "{8A17F149-EFF1-4F43-B152-25687067431A}"
EndProject
Project("{9A19103F-16F7-4668-BE54-9A1E7A4F7556}") = "Benriya.Modules.Inventory.Share", "Modules\Inventory\Benriya.Modules.Inventory.Share\Benriya.Modules.Inventory.Share.csproj", "{1B240DF6-C94C-425B-89F4-386F80DF46E2}"
EndProject
Project("{9A19103F-16F7-4668-BE54-9A1E7A4F7556}") = "Benriya.Modules.Inventory.Entities", "Modules\Inventory\Benriya.Modules.Inventory.Entities\Benriya.Modules.Inventory.Entities.csproj", "{AEF476C0-5062-4522-864C-E47DBE13CCC7}"
EndProject
Project("{9A19103F-16F7-4668-BE54-9A1E7A4F7556}") = "Benriya.Modules.Inventory", "Modules\Inventory\Benriya.Modules.Inventory\Benriya.Modules.Inventory.csproj", "{0A7728B0-81E5-4C0D-BBD9-75895DA4CA78}"
EndProject
Project("{2150E333-8FDC-42A3-9474-1A3956D46DE8}") = "Users", "Users", "{FFBE707B-C870-4B81-A752-B702ED309DBA}"
EndProject
Project("{9A19103F-16F7-4668-BE54-9A1E7A4F7556}") = "Benriya.Modules.UserManagement", "Modules\Users\Benriya.Modules.UserManagement\Benriya.Modules.UserManagement.csproj", "{2BC06EEA-5EAB-44C9-BBBB-783F74507B97}"
EndProject
Project("{9A19103F-16F7-4668-BE54-9A1E7A4F7556}") = "Benriya.Data.Migrator", "Benriya.Data.Migrator\Benriya.Data.Migrator.csproj", "{8495B79B-3E36-4E3E-BC02-162CD575E9C0}"
EndProject
Project("{2150E333-8FDC-42A3-9474-1A3956D46DE8}") = "Common", "Common", "{B266D867-B171-4CA2-8307-EF2CF2F88DF9}"
EndProject
Project("{9A19103F-16F7-4668-BE54-9A1E7A4F7556}") = "Benriya.Clients.Wasm.Backend", "Clients\Benriya.Clients.Wasm.Backend\Benriya.Clients.Wasm.Backend.csproj", "{5664DEFE-465C-4AC5-A1F5-F86754B3E0FA}"
EndProject
Project("{9A19103F-16F7-4668-BE54-9A1E7A4F7556}") = "Benriya.Clients.Wasm.Components", "Clients\Common\Benriya.Clients.Wasm.Components\Benriya.Clients.Wasm.Components.csproj", "{E2C91B24-A11D-4527-AB55-C166DD96D795}"
EndProject
Project("{2150E333-8FDC-42A3-9474-1A3956D46DE8}") = "Modules", "Modules", "{44D47C30-C999-4FD3-96F6-183B1A8C4F63}"
EndProject
Project("{9A19103F-16F7-4668-BE54-9A1E7A4F7556}") = "Benriya.Clients.Modules.eCommerce", "Clients\Modules\Benriya.Clients.Modules.eCommerce\Benriya.Clients.Modules.eCommerce.csproj", "{C326DAFC-F0D6-46B0-996E-7B06EA92087B}"
EndProject
Project("{9A19103F-16F7-4668-BE54-9A1E7A4F7556}") = "Benriya.Clients.Modules.CMS", "Clients\Modules\Benriya.Clients.Modules.CMS\Benriya.Clients.Modules.CMS.csproj", "{DBA270C9-9CCD-4FA4-8321-4260FF7E8BFC}"
EndProject
Project("{9A19103F-16F7-4668-BE54-9A1E7A4F7556}") = "Benriya.Clients.Modules.Inventory", "Clients\Modules\Benriya.Clients.Modules.Inventory\Benriya.Clients.Modules.Inventory.csproj", "{0D240DC4-0C02-4CED-9D5D-5ACAA0CAFD6C}"
EndProject
Project("{FAE04EC0-301F-11D3-BF4B-00C04F79EFBC}") = "ExtCore.Data.Abstractions", "..\ExtCore\src\ExtCore.Data.Abstractions\ExtCore.Data.Abstractions.csproj", "{AE7ABA16-819A-420E-9B6F-BF853BD1F165}"
EndProject
Global
	GlobalSection(SolutionConfigurationPlatforms) = preSolution
		Debug|Any CPU = Debug|Any CPU
		Release|Any CPU = Release|Any CPU
	EndGlobalSection
	GlobalSection(ProjectConfigurationPlatforms) = postSolution
		{41317981-DB05-49F4-B1D5-3712C5D7DF8B}.Debug|Any CPU.ActiveCfg = Debug|Any CPU
		{41317981-DB05-49F4-B1D5-3712C5D7DF8B}.Debug|Any CPU.Build.0 = Debug|Any CPU
		{41317981-DB05-49F4-B1D5-3712C5D7DF8B}.Release|Any CPU.ActiveCfg = Release|Any CPU
		{41317981-DB05-49F4-B1D5-3712C5D7DF8B}.Release|Any CPU.Build.0 = Release|Any CPU
		{C231D77F-9B14-43D0-A074-B572AF0BDBA6}.Debug|Any CPU.ActiveCfg = Debug|Any CPU
		{C231D77F-9B14-43D0-A074-B572AF0BDBA6}.Debug|Any CPU.Build.0 = Debug|Any CPU
		{C231D77F-9B14-43D0-A074-B572AF0BDBA6}.Release|Any CPU.ActiveCfg = Release|Any CPU
		{C231D77F-9B14-43D0-A074-B572AF0BDBA6}.Release|Any CPU.Build.0 = Release|Any CPU
		{E3ECBD9C-1AAF-421E-985D-69FCB60479C0}.Debug|Any CPU.ActiveCfg = Debug|Any CPU
		{E3ECBD9C-1AAF-421E-985D-69FCB60479C0}.Debug|Any CPU.Build.0 = Debug|Any CPU
		{E3ECBD9C-1AAF-421E-985D-69FCB60479C0}.Release|Any CPU.ActiveCfg = Release|Any CPU
		{E3ECBD9C-1AAF-421E-985D-69FCB60479C0}.Release|Any CPU.Build.0 = Release|Any CPU
		{AB383D10-6E10-4A1C-A675-B71FC770F419}.Debug|Any CPU.ActiveCfg = Debug|Any CPU
		{AB383D10-6E10-4A1C-A675-B71FC770F419}.Debug|Any CPU.Build.0 = Debug|Any CPU
		{AB383D10-6E10-4A1C-A675-B71FC770F419}.Release|Any CPU.ActiveCfg = Release|Any CPU
		{AB383D10-6E10-4A1C-A675-B71FC770F419}.Release|Any CPU.Build.0 = Release|Any CPU
		{4D970977-BA14-422B-B971-151FDF59220A}.Debug|Any CPU.ActiveCfg = Debug|Any CPU
		{4D970977-BA14-422B-B971-151FDF59220A}.Debug|Any CPU.Build.0 = Debug|Any CPU
		{4D970977-BA14-422B-B971-151FDF59220A}.Release|Any CPU.ActiveCfg = Release|Any CPU
		{4D970977-BA14-422B-B971-151FDF59220A}.Release|Any CPU.Build.0 = Release|Any CPU
		{3F64DE3F-61A1-4654-8C29-449A76DB0B12}.Debug|Any CPU.ActiveCfg = Debug|Any CPU
		{3F64DE3F-61A1-4654-8C29-449A76DB0B12}.Debug|Any CPU.Build.0 = Debug|Any CPU
		{3F64DE3F-61A1-4654-8C29-449A76DB0B12}.Release|Any CPU.ActiveCfg = Release|Any CPU
		{3F64DE3F-61A1-4654-8C29-449A76DB0B12}.Release|Any CPU.Build.0 = Release|Any CPU
		{7634B8A5-7FB7-4132-89EA-C74F61001DD2}.Debug|Any CPU.ActiveCfg = Debug|Any CPU
		{7634B8A5-7FB7-4132-89EA-C74F61001DD2}.Debug|Any CPU.Build.0 = Debug|Any CPU
		{7634B8A5-7FB7-4132-89EA-C74F61001DD2}.Release|Any CPU.ActiveCfg = Release|Any CPU
		{7634B8A5-7FB7-4132-89EA-C74F61001DD2}.Release|Any CPU.Build.0 = Release|Any CPU
		{84FBBF7A-6F17-442B-B4B9-3B4DD74D60D4}.Debug|Any CPU.ActiveCfg = Debug|Any CPU
		{84FBBF7A-6F17-442B-B4B9-3B4DD74D60D4}.Debug|Any CPU.Build.0 = Debug|Any CPU
		{84FBBF7A-6F17-442B-B4B9-3B4DD74D60D4}.Release|Any CPU.ActiveCfg = Release|Any CPU
		{84FBBF7A-6F17-442B-B4B9-3B4DD74D60D4}.Release|Any CPU.Build.0 = Release|Any CPU
		{83F68041-28A0-4CC8-A31C-BCA4A2BF8BDC}.Debug|Any CPU.ActiveCfg = Debug|Any CPU
		{83F68041-28A0-4CC8-A31C-BCA4A2BF8BDC}.Debug|Any CPU.Build.0 = Debug|Any CPU
		{83F68041-28A0-4CC8-A31C-BCA4A2BF8BDC}.Release|Any CPU.ActiveCfg = Release|Any CPU
		{83F68041-28A0-4CC8-A31C-BCA4A2BF8BDC}.Release|Any CPU.Build.0 = Release|Any CPU
		{CAC8B331-C5EC-4440-B7B9-6B951B748D83}.Debug|Any CPU.ActiveCfg = Debug|Any CPU
		{CAC8B331-C5EC-4440-B7B9-6B951B748D83}.Debug|Any CPU.Build.0 = Debug|Any CPU
		{CAC8B331-C5EC-4440-B7B9-6B951B748D83}.Release|Any CPU.ActiveCfg = Release|Any CPU
		{CAC8B331-C5EC-4440-B7B9-6B951B748D83}.Release|Any CPU.Build.0 = Release|Any CPU
		{296CDFE2-A68F-40F6-8DC7-D4C0C21EA2F3}.Debug|Any CPU.ActiveCfg = Debug|Any CPU
		{296CDFE2-A68F-40F6-8DC7-D4C0C21EA2F3}.Debug|Any CPU.Build.0 = Debug|Any CPU
		{296CDFE2-A68F-40F6-8DC7-D4C0C21EA2F3}.Release|Any CPU.ActiveCfg = Release|Any CPU
		{296CDFE2-A68F-40F6-8DC7-D4C0C21EA2F3}.Release|Any CPU.Build.0 = Release|Any CPU
		{65272010-D7AD-43DA-AFA9-4B526D32F492}.Debug|Any CPU.ActiveCfg = Debug|Any CPU
		{65272010-D7AD-43DA-AFA9-4B526D32F492}.Debug|Any CPU.Build.0 = Debug|Any CPU
		{65272010-D7AD-43DA-AFA9-4B526D32F492}.Release|Any CPU.ActiveCfg = Release|Any CPU
		{65272010-D7AD-43DA-AFA9-4B526D32F492}.Release|Any CPU.Build.0 = Release|Any CPU
		{869030E7-C2BC-4010-9CFA-99C4F2DAD8A3}.Debug|Any CPU.ActiveCfg = Debug|Any CPU
		{869030E7-C2BC-4010-9CFA-99C4F2DAD8A3}.Debug|Any CPU.Build.0 = Debug|Any CPU
		{869030E7-C2BC-4010-9CFA-99C4F2DAD8A3}.Release|Any CPU.ActiveCfg = Release|Any CPU
		{869030E7-C2BC-4010-9CFA-99C4F2DAD8A3}.Release|Any CPU.Build.0 = Release|Any CPU
		{67921435-43DB-4D5F-95BA-6802C2DC0B55}.Debug|Any CPU.ActiveCfg = Debug|Any CPU
		{67921435-43DB-4D5F-95BA-6802C2DC0B55}.Debug|Any CPU.Build.0 = Debug|Any CPU
		{67921435-43DB-4D5F-95BA-6802C2DC0B55}.Release|Any CPU.ActiveCfg = Release|Any CPU
		{67921435-43DB-4D5F-95BA-6802C2DC0B55}.Release|Any CPU.Build.0 = Release|Any CPU
		{C0FBFF21-65E1-4C77-97D5-CA8A0B6895C4}.Debug|Any CPU.ActiveCfg = Debug|Any CPU
		{C0FBFF21-65E1-4C77-97D5-CA8A0B6895C4}.Debug|Any CPU.Build.0 = Debug|Any CPU
		{C0FBFF21-65E1-4C77-97D5-CA8A0B6895C4}.Release|Any CPU.ActiveCfg = Release|Any CPU
		{C0FBFF21-65E1-4C77-97D5-CA8A0B6895C4}.Release|Any CPU.Build.0 = Release|Any CPU
		{AB95FB9B-6B90-4E50-AD12-76249B021290}.Debug|Any CPU.ActiveCfg = Debug|Any CPU
		{AB95FB9B-6B90-4E50-AD12-76249B021290}.Debug|Any CPU.Build.0 = Debug|Any CPU
		{AB95FB9B-6B90-4E50-AD12-76249B021290}.Release|Any CPU.ActiveCfg = Release|Any CPU
		{AB95FB9B-6B90-4E50-AD12-76249B021290}.Release|Any CPU.Build.0 = Release|Any CPU
		{B8C8EB99-7574-400B-A728-83480BA1AA1D}.Debug|Any CPU.ActiveCfg = Debug|Any CPU
		{B8C8EB99-7574-400B-A728-83480BA1AA1D}.Debug|Any CPU.Build.0 = Debug|Any CPU
		{B8C8EB99-7574-400B-A728-83480BA1AA1D}.Release|Any CPU.ActiveCfg = Release|Any CPU
		{B8C8EB99-7574-400B-A728-83480BA1AA1D}.Release|Any CPU.Build.0 = Release|Any CPU
		{DC7E5110-244C-4FF6-B709-2E559E36B8BE}.Debug|Any CPU.ActiveCfg = Debug|Any CPU
		{DC7E5110-244C-4FF6-B709-2E559E36B8BE}.Debug|Any CPU.Build.0 = Debug|Any CPU
		{DC7E5110-244C-4FF6-B709-2E559E36B8BE}.Release|Any CPU.ActiveCfg = Release|Any CPU
		{DC7E5110-244C-4FF6-B709-2E559E36B8BE}.Release|Any CPU.Build.0 = Release|Any CPU
		{38D399C6-ADBE-4B6A-9199-5E79EA208497}.Debug|Any CPU.ActiveCfg = Debug|Any CPU
		{38D399C6-ADBE-4B6A-9199-5E79EA208497}.Debug|Any CPU.Build.0 = Debug|Any CPU
		{38D399C6-ADBE-4B6A-9199-5E79EA208497}.Release|Any CPU.ActiveCfg = Release|Any CPU
		{38D399C6-ADBE-4B6A-9199-5E79EA208497}.Release|Any CPU.Build.0 = Release|Any CPU
		{D46552B8-33E2-4A26-BF01-22AF5860BFE7}.Debug|Any CPU.ActiveCfg = Debug|Any CPU
		{D46552B8-33E2-4A26-BF01-22AF5860BFE7}.Debug|Any CPU.Build.0 = Debug|Any CPU
		{D46552B8-33E2-4A26-BF01-22AF5860BFE7}.Release|Any CPU.ActiveCfg = Release|Any CPU
		{D46552B8-33E2-4A26-BF01-22AF5860BFE7}.Release|Any CPU.Build.0 = Release|Any CPU
		{757EEF9C-1B70-496E-9C14-2046BE71D422}.Debug|Any CPU.ActiveCfg = Debug|Any CPU
		{757EEF9C-1B70-496E-9C14-2046BE71D422}.Debug|Any CPU.Build.0 = Debug|Any CPU
		{757EEF9C-1B70-496E-9C14-2046BE71D422}.Release|Any CPU.ActiveCfg = Release|Any CPU
		{757EEF9C-1B70-496E-9C14-2046BE71D422}.Release|Any CPU.Build.0 = Release|Any CPU
		{9BBB0072-4279-4FB7-BFE5-2DE439C480F8}.Debug|Any CPU.ActiveCfg = Debug|Any CPU
		{9BBB0072-4279-4FB7-BFE5-2DE439C480F8}.Debug|Any CPU.Build.0 = Debug|Any CPU
		{9BBB0072-4279-4FB7-BFE5-2DE439C480F8}.Release|Any CPU.ActiveCfg = Release|Any CPU
		{9BBB0072-4279-4FB7-BFE5-2DE439C480F8}.Release|Any CPU.Build.0 = Release|Any CPU
		{71B7070B-3437-4524-B839-2A7FCF3C86AD}.Debug|Any CPU.ActiveCfg = Debug|Any CPU
		{71B7070B-3437-4524-B839-2A7FCF3C86AD}.Debug|Any CPU.Build.0 = Debug|Any CPU
		{71B7070B-3437-4524-B839-2A7FCF3C86AD}.Release|Any CPU.ActiveCfg = Release|Any CPU
		{71B7070B-3437-4524-B839-2A7FCF3C86AD}.Release|Any CPU.Build.0 = Release|Any CPU
		{F4C233AB-F6B4-4DF2-A80E-FFBF8131E436}.Debug|Any CPU.ActiveCfg = Debug|Any CPU
		{F4C233AB-F6B4-4DF2-A80E-FFBF8131E436}.Debug|Any CPU.Build.0 = Debug|Any CPU
		{F4C233AB-F6B4-4DF2-A80E-FFBF8131E436}.Release|Any CPU.ActiveCfg = Release|Any CPU
		{F4C233AB-F6B4-4DF2-A80E-FFBF8131E436}.Release|Any CPU.Build.0 = Release|Any CPU
		{F479FB81-BC51-4249-AADD-01B1EFD3B62A}.Debug|Any CPU.ActiveCfg = Debug|Any CPU
		{F479FB81-BC51-4249-AADD-01B1EFD3B62A}.Debug|Any CPU.Build.0 = Debug|Any CPU
		{F479FB81-BC51-4249-AADD-01B1EFD3B62A}.Release|Any CPU.ActiveCfg = Release|Any CPU
		{F479FB81-BC51-4249-AADD-01B1EFD3B62A}.Release|Any CPU.Build.0 = Release|Any CPU
		{F2FF1A3F-3A25-4204-84AD-EA55067CB902}.Debug|Any CPU.ActiveCfg = Debug|Any CPU
		{F2FF1A3F-3A25-4204-84AD-EA55067CB902}.Debug|Any CPU.Build.0 = Debug|Any CPU
		{F2FF1A3F-3A25-4204-84AD-EA55067CB902}.Release|Any CPU.ActiveCfg = Release|Any CPU
		{F2FF1A3F-3A25-4204-84AD-EA55067CB902}.Release|Any CPU.Build.0 = Release|Any CPU
		{49D09127-9835-4FF8-839D-E2DF223C0221}.Debug|Any CPU.ActiveCfg = Debug|Any CPU
		{49D09127-9835-4FF8-839D-E2DF223C0221}.Debug|Any CPU.Build.0 = Debug|Any CPU
		{49D09127-9835-4FF8-839D-E2DF223C0221}.Release|Any CPU.ActiveCfg = Release|Any CPU
		{49D09127-9835-4FF8-839D-E2DF223C0221}.Release|Any CPU.Build.0 = Release|Any CPU
		{6FD8F0C8-25C6-4A16-997B-E782131C7197}.Debug|Any CPU.ActiveCfg = Debug|Any CPU
		{6FD8F0C8-25C6-4A16-997B-E782131C7197}.Debug|Any CPU.Build.0 = Debug|Any CPU
		{6FD8F0C8-25C6-4A16-997B-E782131C7197}.Release|Any CPU.ActiveCfg = Release|Any CPU
		{6FD8F0C8-25C6-4A16-997B-E782131C7197}.Release|Any CPU.Build.0 = Release|Any CPU
		{9B489CD5-514B-4BC4-8229-D605C29DAA88}.Debug|Any CPU.ActiveCfg = Debug|Any CPU
		{9B489CD5-514B-4BC4-8229-D605C29DAA88}.Debug|Any CPU.Build.0 = Debug|Any CPU
		{9B489CD5-514B-4BC4-8229-D605C29DAA88}.Release|Any CPU.ActiveCfg = Release|Any CPU
		{9B489CD5-514B-4BC4-8229-D605C29DAA88}.Release|Any CPU.Build.0 = Release|Any CPU
		{C5439663-A936-43A1-BB44-B1A12E66C408}.Debug|Any CPU.ActiveCfg = Debug|Any CPU
		{C5439663-A936-43A1-BB44-B1A12E66C408}.Debug|Any CPU.Build.0 = Debug|Any CPU
		{C5439663-A936-43A1-BB44-B1A12E66C408}.Release|Any CPU.ActiveCfg = Release|Any CPU
		{C5439663-A936-43A1-BB44-B1A12E66C408}.Release|Any CPU.Build.0 = Release|Any CPU
		{CCF7B368-75E1-4552-A058-1FD7175C4FBE}.Debug|Any CPU.ActiveCfg = Debug|Any CPU
		{CCF7B368-75E1-4552-A058-1FD7175C4FBE}.Debug|Any CPU.Build.0 = Debug|Any CPU
		{CCF7B368-75E1-4552-A058-1FD7175C4FBE}.Release|Any CPU.ActiveCfg = Release|Any CPU
		{CCF7B368-75E1-4552-A058-1FD7175C4FBE}.Release|Any CPU.Build.0 = Release|Any CPU
		{C4AA018F-05E6-49AF-A689-C8D9F7BE421B}.Debug|Any CPU.ActiveCfg = Debug|Any CPU
		{C4AA018F-05E6-49AF-A689-C8D9F7BE421B}.Debug|Any CPU.Build.0 = Debug|Any CPU
		{C4AA018F-05E6-49AF-A689-C8D9F7BE421B}.Release|Any CPU.ActiveCfg = Release|Any CPU
		{C4AA018F-05E6-49AF-A689-C8D9F7BE421B}.Release|Any CPU.Build.0 = Release|Any CPU
		{DC2F0C23-385F-424F-AFC0-C284A767CDB6}.Debug|Any CPU.ActiveCfg = Debug|Any CPU
		{DC2F0C23-385F-424F-AFC0-C284A767CDB6}.Debug|Any CPU.Build.0 = Debug|Any CPU
		{DC2F0C23-385F-424F-AFC0-C284A767CDB6}.Release|Any CPU.ActiveCfg = Release|Any CPU
		{DC2F0C23-385F-424F-AFC0-C284A767CDB6}.Release|Any CPU.Build.0 = Release|Any CPU
		{4EB93E5A-1E19-4AA6-B25E-FE7620298D32}.Debug|Any CPU.ActiveCfg = Debug|Any CPU
		{4EB93E5A-1E19-4AA6-B25E-FE7620298D32}.Debug|Any CPU.Build.0 = Debug|Any CPU
		{4EB93E5A-1E19-4AA6-B25E-FE7620298D32}.Release|Any CPU.ActiveCfg = Release|Any CPU
		{4EB93E5A-1E19-4AA6-B25E-FE7620298D32}.Release|Any CPU.Build.0 = Release|Any CPU
		{D0B1C878-8440-4105-8CEE-FE9C4E577ED2}.Debug|Any CPU.ActiveCfg = Debug|Any CPU
		{D0B1C878-8440-4105-8CEE-FE9C4E577ED2}.Debug|Any CPU.Build.0 = Debug|Any CPU
		{D0B1C878-8440-4105-8CEE-FE9C4E577ED2}.Release|Any CPU.ActiveCfg = Release|Any CPU
		{D0B1C878-8440-4105-8CEE-FE9C4E577ED2}.Release|Any CPU.Build.0 = Release|Any CPU
		{1B240DF6-C94C-425B-89F4-386F80DF46E2}.Debug|Any CPU.ActiveCfg = Debug|Any CPU
		{1B240DF6-C94C-425B-89F4-386F80DF46E2}.Debug|Any CPU.Build.0 = Debug|Any CPU
		{1B240DF6-C94C-425B-89F4-386F80DF46E2}.Release|Any CPU.ActiveCfg = Release|Any CPU
		{1B240DF6-C94C-425B-89F4-386F80DF46E2}.Release|Any CPU.Build.0 = Release|Any CPU
		{AEF476C0-5062-4522-864C-E47DBE13CCC7}.Debug|Any CPU.ActiveCfg = Debug|Any CPU
		{AEF476C0-5062-4522-864C-E47DBE13CCC7}.Debug|Any CPU.Build.0 = Debug|Any CPU
		{AEF476C0-5062-4522-864C-E47DBE13CCC7}.Release|Any CPU.ActiveCfg = Release|Any CPU
		{AEF476C0-5062-4522-864C-E47DBE13CCC7}.Release|Any CPU.Build.0 = Release|Any CPU
		{0A7728B0-81E5-4C0D-BBD9-75895DA4CA78}.Debug|Any CPU.ActiveCfg = Debug|Any CPU
		{0A7728B0-81E5-4C0D-BBD9-75895DA4CA78}.Debug|Any CPU.Build.0 = Debug|Any CPU
		{0A7728B0-81E5-4C0D-BBD9-75895DA4CA78}.Release|Any CPU.ActiveCfg = Release|Any CPU
		{0A7728B0-81E5-4C0D-BBD9-75895DA4CA78}.Release|Any CPU.Build.0 = Release|Any CPU
		{2BC06EEA-5EAB-44C9-BBBB-783F74507B97}.Debug|Any CPU.ActiveCfg = Debug|Any CPU
		{2BC06EEA-5EAB-44C9-BBBB-783F74507B97}.Debug|Any CPU.Build.0 = Debug|Any CPU
		{2BC06EEA-5EAB-44C9-BBBB-783F74507B97}.Release|Any CPU.ActiveCfg = Release|Any CPU
		{2BC06EEA-5EAB-44C9-BBBB-783F74507B97}.Release|Any CPU.Build.0 = Release|Any CPU
		{8495B79B-3E36-4E3E-BC02-162CD575E9C0}.Debug|Any CPU.ActiveCfg = Debug|Any CPU
		{8495B79B-3E36-4E3E-BC02-162CD575E9C0}.Debug|Any CPU.Build.0 = Debug|Any CPU
		{8495B79B-3E36-4E3E-BC02-162CD575E9C0}.Release|Any CPU.ActiveCfg = Release|Any CPU
		{8495B79B-3E36-4E3E-BC02-162CD575E9C0}.Release|Any CPU.Build.0 = Release|Any CPU
		{5664DEFE-465C-4AC5-A1F5-F86754B3E0FA}.Debug|Any CPU.ActiveCfg = Debug|Any CPU
		{5664DEFE-465C-4AC5-A1F5-F86754B3E0FA}.Debug|Any CPU.Build.0 = Debug|Any CPU
		{5664DEFE-465C-4AC5-A1F5-F86754B3E0FA}.Release|Any CPU.ActiveCfg = Release|Any CPU
		{5664DEFE-465C-4AC5-A1F5-F86754B3E0FA}.Release|Any CPU.Build.0 = Release|Any CPU
		{E2C91B24-A11D-4527-AB55-C166DD96D795}.Debug|Any CPU.ActiveCfg = Debug|Any CPU
		{E2C91B24-A11D-4527-AB55-C166DD96D795}.Debug|Any CPU.Build.0 = Debug|Any CPU
		{E2C91B24-A11D-4527-AB55-C166DD96D795}.Release|Any CPU.ActiveCfg = Release|Any CPU
		{E2C91B24-A11D-4527-AB55-C166DD96D795}.Release|Any CPU.Build.0 = Release|Any CPU
		{C326DAFC-F0D6-46B0-996E-7B06EA92087B}.Debug|Any CPU.ActiveCfg = Debug|Any CPU
		{C326DAFC-F0D6-46B0-996E-7B06EA92087B}.Debug|Any CPU.Build.0 = Debug|Any CPU
		{C326DAFC-F0D6-46B0-996E-7B06EA92087B}.Release|Any CPU.ActiveCfg = Release|Any CPU
		{C326DAFC-F0D6-46B0-996E-7B06EA92087B}.Release|Any CPU.Build.0 = Release|Any CPU
		{DBA270C9-9CCD-4FA4-8321-4260FF7E8BFC}.Debug|Any CPU.ActiveCfg = Debug|Any CPU
		{DBA270C9-9CCD-4FA4-8321-4260FF7E8BFC}.Debug|Any CPU.Build.0 = Debug|Any CPU
		{DBA270C9-9CCD-4FA4-8321-4260FF7E8BFC}.Release|Any CPU.ActiveCfg = Release|Any CPU
		{DBA270C9-9CCD-4FA4-8321-4260FF7E8BFC}.Release|Any CPU.Build.0 = Release|Any CPU
		{0D240DC4-0C02-4CED-9D5D-5ACAA0CAFD6C}.Debug|Any CPU.ActiveCfg = Debug|Any CPU
		{0D240DC4-0C02-4CED-9D5D-5ACAA0CAFD6C}.Debug|Any CPU.Build.0 = Debug|Any CPU
		{0D240DC4-0C02-4CED-9D5D-5ACAA0CAFD6C}.Release|Any CPU.ActiveCfg = Release|Any CPU
		{0D240DC4-0C02-4CED-9D5D-5ACAA0CAFD6C}.Release|Any CPU.Build.0 = Release|Any CPU
		{AE7ABA16-819A-420E-9B6F-BF853BD1F165}.Debug|Any CPU.ActiveCfg = Debug|Any CPU
		{AE7ABA16-819A-420E-9B6F-BF853BD1F165}.Debug|Any CPU.Build.0 = Debug|Any CPU
		{AE7ABA16-819A-420E-9B6F-BF853BD1F165}.Release|Any CPU.ActiveCfg = Release|Any CPU
		{AE7ABA16-819A-420E-9B6F-BF853BD1F165}.Release|Any CPU.Build.0 = Release|Any CPU
	EndGlobalSection
	GlobalSection(SolutionProperties) = preSolution
		HideSolutionNode = FALSE
	EndGlobalSection
	GlobalSection(NestedProjects) = preSolution
		{C231D77F-9B14-43D0-A074-B572AF0BDBA6} = {A7F64C3C-DB9F-4C73-8D9A-FF2025562E1A}
		{E3ECBD9C-1AAF-421E-985D-69FCB60479C0} = {A7F64C3C-DB9F-4C73-8D9A-FF2025562E1A}
		{AB383D10-6E10-4A1C-A675-B71FC770F419} = {2A5279E7-921E-423A-AC4F-B7A136490CD2}
		{4D970977-BA14-422B-B971-151FDF59220A} = {2A5279E7-921E-423A-AC4F-B7A136490CD2}
		{3F64DE3F-61A1-4654-8C29-449A76DB0B12} = {2A5279E7-921E-423A-AC4F-B7A136490CD2}
		{7634B8A5-7FB7-4132-89EA-C74F61001DD2} = {2A5279E7-921E-423A-AC4F-B7A136490CD2}
		{84FBBF7A-6F17-442B-B4B9-3B4DD74D60D4} = {2A5279E7-921E-423A-AC4F-B7A136490CD2}
		{83F68041-28A0-4CC8-A31C-BCA4A2BF8BDC} = {2A5279E7-921E-423A-AC4F-B7A136490CD2}
		{CAC8B331-C5EC-4440-B7B9-6B951B748D83} = {2A5279E7-921E-423A-AC4F-B7A136490CD2}
		{296CDFE2-A68F-40F6-8DC7-D4C0C21EA2F3} = {2A5279E7-921E-423A-AC4F-B7A136490CD2}
		{65272010-D7AD-43DA-AFA9-4B526D32F492} = {2A5279E7-921E-423A-AC4F-B7A136490CD2}
		{869030E7-C2BC-4010-9CFA-99C4F2DAD8A3} = {2A5279E7-921E-423A-AC4F-B7A136490CD2}
		{67921435-43DB-4D5F-95BA-6802C2DC0B55} = {2A5279E7-921E-423A-AC4F-B7A136490CD2}
		{C0FBFF21-65E1-4C77-97D5-CA8A0B6895C4} = {2A5279E7-921E-423A-AC4F-B7A136490CD2}
		{AB95FB9B-6B90-4E50-AD12-76249B021290} = {2A5279E7-921E-423A-AC4F-B7A136490CD2}
		{B8C8EB99-7574-400B-A728-83480BA1AA1D} = {2A5279E7-921E-423A-AC4F-B7A136490CD2}
		{DC7E5110-244C-4FF6-B709-2E559E36B8BE} = {2A5279E7-921E-423A-AC4F-B7A136490CD2}
		{38D399C6-ADBE-4B6A-9199-5E79EA208497} = {2A5279E7-921E-423A-AC4F-B7A136490CD2}
		{D46552B8-33E2-4A26-BF01-22AF5860BFE7} = {2A5279E7-921E-423A-AC4F-B7A136490CD2}
		{757EEF9C-1B70-496E-9C14-2046BE71D422} = {2A5279E7-921E-423A-AC4F-B7A136490CD2}
		{9BBB0072-4279-4FB7-BFE5-2DE439C480F8} = {2A5279E7-921E-423A-AC4F-B7A136490CD2}
		{71B7070B-3437-4524-B839-2A7FCF3C86AD} = {2A5279E7-921E-423A-AC4F-B7A136490CD2}
		{F4C233AB-F6B4-4DF2-A80E-FFBF8131E436} = {2A5279E7-921E-423A-AC4F-B7A136490CD2}
		{F479FB81-BC51-4249-AADD-01B1EFD3B62A} = {A7F64C3C-DB9F-4C73-8D9A-FF2025562E1A}
		{F2FF1A3F-3A25-4204-84AD-EA55067CB902} = {519BF071-CA95-4E34-9109-CF417E6F253B}
		{1437EEF4-3636-4BB6-8154-8C6758BC4A75} = {C7760959-6910-4230-BEFA-A99C26ABC2AA}
		{49D09127-9835-4FF8-839D-E2DF223C0221} = {1437EEF4-3636-4BB6-8154-8C6758BC4A75}
		{6FD8F0C8-25C6-4A16-997B-E782131C7197} = {1437EEF4-3636-4BB6-8154-8C6758BC4A75}
		{9B489CD5-514B-4BC4-8229-D605C29DAA88} = {1437EEF4-3636-4BB6-8154-8C6758BC4A75}
		{C5439663-A936-43A1-BB44-B1A12E66C408} = {C7760959-6910-4230-BEFA-A99C26ABC2AA}
		{32A34BDE-FD56-4FF7-911B-A4DE08940D86} = {C7760959-6910-4230-BEFA-A99C26ABC2AA}
		{CCF7B368-75E1-4552-A058-1FD7175C4FBE} = {32A34BDE-FD56-4FF7-911B-A4DE08940D86}
		{4C9AB5AD-32F6-414D-BDBD-CE31E795A03D} = {C7760959-6910-4230-BEFA-A99C26ABC2AA}
		{C4AA018F-05E6-49AF-A689-C8D9F7BE421B} = {4C9AB5AD-32F6-414D-BDBD-CE31E795A03D}
		{CCE06516-403F-4CDD-BDE0-6E384BE84075} = {C7760959-6910-4230-BEFA-A99C26ABC2AA}
		{DC2F0C23-385F-424F-AFC0-C284A767CDB6} = {CCE06516-403F-4CDD-BDE0-6E384BE84075}
		{4EB93E5A-1E19-4AA6-B25E-FE7620298D32} = {CCE06516-403F-4CDD-BDE0-6E384BE84075}
		{D0B1C878-8440-4105-8CEE-FE9C4E577ED2} = {CCE06516-403F-4CDD-BDE0-6E384BE84075}
		{8A17F149-EFF1-4F43-B152-25687067431A} = {C7760959-6910-4230-BEFA-A99C26ABC2AA}
		{1B240DF6-C94C-425B-89F4-386F80DF46E2} = {8A17F149-EFF1-4F43-B152-25687067431A}
		{AEF476C0-5062-4522-864C-E47DBE13CCC7} = {8A17F149-EFF1-4F43-B152-25687067431A}
		{0A7728B0-81E5-4C0D-BBD9-75895DA4CA78} = {8A17F149-EFF1-4F43-B152-25687067431A}
		{FFBE707B-C870-4B81-A752-B702ED309DBA} = {C7760959-6910-4230-BEFA-A99C26ABC2AA}
		{2BC06EEA-5EAB-44C9-BBBB-783F74507B97} = {FFBE707B-C870-4B81-A752-B702ED309DBA}
		{8495B79B-3E36-4E3E-BC02-162CD575E9C0} = {519BF071-CA95-4E34-9109-CF417E6F253B}
		{B266D867-B171-4CA2-8307-EF2CF2F88DF9} = {6C837A26-BC96-4291-8951-D1509303D56A}
		{5664DEFE-465C-4AC5-A1F5-F86754B3E0FA} = {6C837A26-BC96-4291-8951-D1509303D56A}
		{E2C91B24-A11D-4527-AB55-C166DD96D795} = {B266D867-B171-4CA2-8307-EF2CF2F88DF9}
		{44D47C30-C999-4FD3-96F6-183B1A8C4F63} = {6C837A26-BC96-4291-8951-D1509303D56A}
		{C326DAFC-F0D6-46B0-996E-7B06EA92087B} = {44D47C30-C999-4FD3-96F6-183B1A8C4F63}
		{DBA270C9-9CCD-4FA4-8321-4260FF7E8BFC} = {44D47C30-C999-4FD3-96F6-183B1A8C4F63}
		{0D240DC4-0C02-4CED-9D5D-5ACAA0CAFD6C} = {44D47C30-C999-4FD3-96F6-183B1A8C4F63}
		{AE7ABA16-819A-420E-9B6F-BF853BD1F165} = {2A5279E7-921E-423A-AC4F-B7A136490CD2}
	EndGlobalSection
	GlobalSection(ExtensibilityGlobals) = postSolution
		SolutionGuid = {4628C285-1756-4B9D-B920-3394E70E4115}
	EndGlobalSection
EndGlobal
